
Microsoft Visual Studio Solution File, Format Version 12.00
# Visual Studio Version 17
VisualStudioVersion = 17.4.33213.308
MinimumVisualStudioVersion = 10.0.40219.1
Project("{FAE04EC0-301F-11D3-BF4B-00C04F79EFBC}") = "UstaelTicaretArtvin.WebUI", "UstaelTicaretArtvin.WebUI\UstaelTicaretArtvin.WebUI.csproj", "{C815E7E0-D483-47D5-BB48-7CB5BD855013}"
EndProject
Project("{FAE04EC0-301F-11D3-BF4B-00C04F79EFBC}") = "UstaelTicaretArtvin.Entities", "UstaelTicaretArtvin.Entities\UstaelTicaretArtvin.Entities.csproj", "{F925030B-5FCF-4624-8A56-8FDD1569373E}"
EndProject
Project("{FAE04EC0-301F-11D3-BF4B-00C04F79EFBC}") = "UstaelTicaretArtvin.Data", "UstaelTicaretArtvin.Data\UstaelTicaretArtvin.Data.csproj", "{E8FFFC89-98A4-4274-813A-61A591FB435F}"
EndProject
Project("{FAE04EC0-301F-11D3-BF4B-00C04F79EFBC}") = "UstaelTicaretArtvin.Service", "UstaelTicaretArtvin.Service\UstaelTicaretArtvin.Service.csproj", "{C635FB24-A909-43F3-BDDD-AE6C9459DD09}"
EndProject
Global
	GlobalSection(SolutionConfigurationPlatforms) = preSolution
		Debug|Any CPU = Debug|Any CPU
		Release|Any CPU = Release|Any CPU
	EndGlobalSection
	GlobalSection(ProjectConfigurationPlatforms) = postSolution
		{C815E7E0-D483-47D5-BB48-7CB5BD855013}.Debug|Any CPU.ActiveCfg = Debug|Any CPU
		{C815E7E0-D483-47D5-BB48-7CB5BD855013}.Debug|Any CPU.Build.0 = Debug|Any CPU
		{C815E7E0-D483-47D5-BB48-7CB5BD855013}.Release|Any CPU.ActiveCfg = Release|Any CPU
		{C815E7E0-D483-47D5-BB48-7CB5BD855013}.Release|Any CPU.Build.0 = Release|Any CPU
		{F925030B-5FCF-4624-8A56-8FDD1569373E}.Debug|Any CPU.ActiveCfg = Debug|Any CPU
		{F925030B-5FCF-4624-8A56-8FDD1569373E}.Debug|Any CPU.Build.0 = Debug|Any CPU
		{F925030B-5FCF-4624-8A56-8FDD1569373E}.Release|Any CPU.ActiveCfg = Release|Any CPU
		{F925030B-5FCF-4624-8A56-8FDD1569373E}.Release|Any CPU.Build.0 = Release|Any CPU
		{E8FFFC89-98A4-4274-813A-61A591FB435F}.Debug|Any CPU.ActiveCfg = Debug|Any CPU
		{E8FFFC89-98A4-4274-813A-61A591FB435F}.Debug|Any CPU.Build.0 = Debug|Any CPU
		{E8FFFC89-98A4-4274-813A-61A591FB435F}.Release|Any CPU.ActiveCfg = Release|Any CPU
		{E8FFFC89-98A4-4274-813A-61A591FB435F}.Release|Any CPU.Build.0 = Release|Any CPU
		{C635FB24-A909-43F3-BDDD-AE6C9459DD09}.Debug|Any CPU.ActiveCfg = Debug|Any CPU
		{C635FB24-A909-43F3-BDDD-AE6C9459DD09}.Debug|Any CPU.Build.0 = Debug|Any CPU
		{C635FB24-A909-43F3-BDDD-AE6C9459DD09}.Release|Any CPU.ActiveCfg = Release|Any CPU
		{C635FB24-A909-43F3-BDDD-AE6C9459DD09}.Release|Any CPU.Build.0 = Release|Any CPU
	EndGlobalSection
	GlobalSection(SolutionProperties) = preSolution
		HideSolutionNode = FALSE
	EndGlobalSection
	GlobalSection(ExtensibilityGlobals) = postSolution
		SolutionGuid = {2AB26DA1-8E89-4F41-A89A-EE5945D758F7}
	EndGlobalSection
EndGlobal
